
Microsoft Visual Studio Solution File, Format Version 12.00
# Visual Studio Version 17
VisualStudioVersion = 17.10.35013.160
MinimumVisualStudioVersion = 10.0.40219.1
Project("{9A19103F-16F7-4668-BE54-9A1E7A4F7556}") = "01.Shop", "01.Shop\01.Shop.csproj", "{DA12C763-3246-48FC-8EFE-5274A2A95D39}"
EndProject
Project("{FAE04EC0-301F-11D3-BF4B-00C04F79EFBC}") = "02.Phones", "02.Phones\02.Phones.csproj", "{FAF59A94-1DEA-450C-9469-746EFEC56A57}"
EndProject
Project("{FAE04EC0-301F-11D3-BF4B-00C04F79EFBC}") = "03.Geometry", "03.Geometry\03.Geometry.csproj", "{648343A7-FFFC-4A19-9EE0-95694D9AA710}"
EndProject
Project("{FAE04EC0-301F-11D3-BF4B-00C04F79EFBC}") = "04.BusTicket", "04.BusTicket\04.BusTicket.csproj", "{D2D7160B-63AB-407B-ABAD-939A4CBDE723}"
EndProject
Global
	GlobalSection(SolutionConfigurationPlatforms) = preSolution
		Debug|Any CPU = Debug|Any CPU
		Release|Any CPU = Release|Any CPU
	EndGlobalSection
	GlobalSection(ProjectConfigurationPlatforms) = postSolution
		{DA12C763-3246-48FC-8EFE-5274A2A95D39}.Debug|Any CPU.ActiveCfg = Debug|Any CPU
		{DA12C763-3246-48FC-8EFE-5274A2A95D39}.Debug|Any CPU.Build.0 = Debug|Any CPU
		{DA12C763-3246-48FC-8EFE-5274A2A95D39}.Release|Any CPU.ActiveCfg = Release|Any CPU
		{DA12C763-3246-48FC-8EFE-5274A2A95D39}.Release|Any CPU.Build.0 = Release|Any CPU
		{FAF59A94-1DEA-450C-9469-746EFEC56A57}.Debug|Any CPU.ActiveCfg = Debug|Any CPU
		{FAF59A94-1DEA-450C-9469-746EFEC56A57}.Debug|Any CPU.Build.0 = Debug|Any CPU
		{FAF59A94-1DEA-450C-9469-746EFEC56A57}.Release|Any CPU.ActiveCfg = Release|Any CPU
		{FAF59A94-1DEA-450C-9469-746EFEC56A57}.Release|Any CPU.Build.0 = Release|Any CPU
		{648343A7-FFFC-4A19-9EE0-95694D9AA710}.Debug|Any CPU.ActiveCfg = Debug|Any CPU
		{648343A7-FFFC-4A19-9EE0-95694D9AA710}.Debug|Any CPU.Build.0 = Debug|Any CPU
		{648343A7-FFFC-4A19-9EE0-95694D9AA710}.Release|Any CPU.ActiveCfg = Release|Any CPU
		{648343A7-FFFC-4A19-9EE0-95694D9AA710}.Release|Any CPU.Build.0 = Release|Any CPU
		{D2D7160B-63AB-407B-ABAD-939A4CBDE723}.Debug|Any CPU.ActiveCfg = Debug|Any CPU
		{D2D7160B-63AB-407B-ABAD-939A4CBDE723}.Debug|Any CPU.Build.0 = Debug|Any CPU
		{D2D7160B-63AB-407B-ABAD-939A4CBDE723}.Release|Any CPU.ActiveCfg = Release|Any CPU
		{D2D7160B-63AB-407B-ABAD-939A4CBDE723}.Release|Any CPU.Build.0 = Release|Any CPU
	EndGlobalSection
	GlobalSection(SolutionProperties) = preSolution
		HideSolutionNode = FALSE
	EndGlobalSection
	GlobalSection(ExtensibilityGlobals) = postSolution
		SolutionGuid = {EE8CBB2E-6659-4B5D-8D55-D8157782530B}
	EndGlobalSection
EndGlobal
