
Microsoft Visual Studio Solution File, Format Version 12.00
# Visual Studio Version 17
VisualStudioVersion = 17.10.35013.160
MinimumVisualStudioVersion = 10.0.40219.1
Project("{9A19103F-16F7-4668-BE54-9A1E7A4F7556}") = "01", "01\01.csproj", "{59943603-6205-42D4-838D-93C115DCF711}"
EndProject
Project("{FAE04EC0-301F-11D3-BF4B-00C04F79EFBC}") = "02", "02\02.csproj", "{2B038AAC-DE0B-4687-BB0F-EADB04089D74}"
EndProject
Project("{FAE04EC0-301F-11D3-BF4B-00C04F79EFBC}") = "03.Triangle", "03.Triangle\03.Triangle.csproj", "{EAFDFF74-81F2-499E-8EC0-D9EFFF08534E}"
EndProject
Global
	GlobalSection(SolutionConfigurationPlatforms) = preSolution
		Debug|Any CPU = Debug|Any CPU
		Release|Any CPU = Release|Any CPU
	EndGlobalSection
	GlobalSection(ProjectConfigurationPlatforms) = postSolution
		{59943603-6205-42D4-838D-93C115DCF711}.Debug|Any CPU.ActiveCfg = Debug|Any CPU
		{59943603-6205-42D4-838D-93C115DCF711}.Debug|Any CPU.Build.0 = Debug|Any CPU
		{59943603-6205-42D4-838D-93C115DCF711}.Release|Any CPU.ActiveCfg = Release|Any CPU
		{59943603-6205-42D4-838D-93C115DCF711}.Release|Any CPU.Build.0 = Release|Any CPU
		{2B038AAC-DE0B-4687-BB0F-EADB04089D74}.Debug|Any CPU.ActiveCfg = Debug|Any CPU
		{2B038AAC-DE0B-4687-BB0F-EADB04089D74}.Debug|Any CPU.Build.0 = Debug|Any CPU
		{2B038AAC-DE0B-4687-BB0F-EADB04089D74}.Release|Any CPU.ActiveCfg = Release|Any CPU
		{2B038AAC-DE0B-4687-BB0F-EADB04089D74}.Release|Any CPU.Build.0 = Release|Any CPU
		{EAFDFF74-81F2-499E-8EC0-D9EFFF08534E}.Debug|Any CPU.ActiveCfg = Debug|Any CPU
		{EAFDFF74-81F2-499E-8EC0-D9EFFF08534E}.Debug|Any CPU.Build.0 = Debug|Any CPU
		{EAFDFF74-81F2-499E-8EC0-D9EFFF08534E}.Release|Any CPU.ActiveCfg = Release|Any CPU
		{EAFDFF74-81F2-499E-8EC0-D9EFFF08534E}.Release|Any CPU.Build.0 = Release|Any CPU
	EndGlobalSection
	GlobalSection(SolutionProperties) = preSolution
		HideSolutionNode = FALSE
	EndGlobalSection
	GlobalSection(ExtensibilityGlobals) = postSolution
		SolutionGuid = {3F438870-AC70-4406-972A-515127C0BA98}
	EndGlobalSection
EndGlobal
