
Microsoft Visual Studio Solution File, Format Version 12.00
# Visual Studio Version 17
VisualStudioVersion = 17.10.35013.160
MinimumVisualStudioVersion = 10.0.40219.1
Project("{FAE04EC0-301F-11D3-BF4B-00C04F79EFBC}") = "01.Trees", "01.Trees\01.Trees.csproj", "{0D2AF7AA-E868-4218-A8F6-78407F9A9701}"
EndProject
Project("{FAE04EC0-301F-11D3-BF4B-00C04F79EFBC}") = "02.BreadBakery", "02.BreadBakery\02.BreadBakery.csproj", "{2861E9FF-CDF0-4A23-A96E-D79099487BB7}"
EndProject
Global
	GlobalSection(SolutionConfigurationPlatforms) = preSolution
		Debug|Any CPU = Debug|Any CPU
		Release|Any CPU = Release|Any CPU
	EndGlobalSection
	GlobalSection(ProjectConfigurationPlatforms) = postSolution
		{0D2AF7AA-E868-4218-A8F6-78407F9A9701}.Debug|Any CPU.ActiveCfg = Debug|Any CPU
		{0D2AF7AA-E868-4218-A8F6-78407F9A9701}.Debug|Any CPU.Build.0 = Debug|Any CPU
		{0D2AF7AA-E868-4218-A8F6-78407F9A9701}.Release|Any CPU.ActiveCfg = Release|Any CPU
		{0D2AF7AA-E868-4218-A8F6-78407F9A9701}.Release|Any CPU.Build.0 = Release|Any CPU
		{2861E9FF-CDF0-4A23-A96E-D79099487BB7}.Debug|Any CPU.ActiveCfg = Debug|Any CPU
		{2861E9FF-CDF0-4A23-A96E-D79099487BB7}.Debug|Any CPU.Build.0 = Debug|Any CPU
		{2861E9FF-CDF0-4A23-A96E-D79099487BB7}.Release|Any CPU.ActiveCfg = Release|Any CPU
		{2861E9FF-CDF0-4A23-A96E-D79099487BB7}.Release|Any CPU.Build.0 = Release|Any CPU
	EndGlobalSection
	GlobalSection(SolutionProperties) = preSolution
		HideSolutionNode = FALSE
	EndGlobalSection
	GlobalSection(ExtensibilityGlobals) = postSolution
		SolutionGuid = {D7B3E204-70C4-4C18-B6FD-2CAB1FDBBABD}
	EndGlobalSection
EndGlobal
