
Microsoft Visual Studio Solution File, Format Version 12.00
# Visual Studio Version 17
VisualStudioVersion = 17.10.35013.160
MinimumVisualStudioVersion = 10.0.40219.1
Project("{FAE04EC0-301F-11D3-BF4B-00C04F79EFBC}") = "01.TestTest", "01.TestTest\01.TestTest.csproj", "{EDEF7990-CCDE-45D4-879C-AFDFEAB04EA0}"
EndProject
Global
	GlobalSection(SolutionConfigurationPlatforms) = preSolution
		Debug|Any CPU = Debug|Any CPU
		Release|Any CPU = Release|Any CPU
	EndGlobalSection
	GlobalSection(ProjectConfigurationPlatforms) = postSolution
		{EDEF7990-CCDE-45D4-879C-AFDFEAB04EA0}.Debug|Any CPU.ActiveCfg = Debug|Any CPU
		{EDEF7990-CCDE-45D4-879C-AFDFEAB04EA0}.Debug|Any CPU.Build.0 = Debug|Any CPU
		{EDEF7990-CCDE-45D4-879C-AFDFEAB04EA0}.Release|Any CPU.ActiveCfg = Release|Any CPU
		{EDEF7990-CCDE-45D4-879C-AFDFEAB04EA0}.Release|Any CPU.Build.0 = Release|Any CPU
	EndGlobalSection
	GlobalSection(SolutionProperties) = preSolution
		HideSolutionNode = FALSE
	EndGlobalSection
	GlobalSection(ExtensibilityGlobals) = postSolution
		SolutionGuid = {D6D346FE-B404-472B-BF22-BAC19929B36C}
	EndGlobalSection
EndGlobal
