
Microsoft Visual Studio Solution File, Format Version 12.00
# Visual Studio Version 17
VisualStudioVersion = 17.11.35312.102
MinimumVisualStudioVersion = 10.0.40219.1
Project("{FAE04EC0-301F-11D3-BF4B-00C04F79EFBC}") = "01.Gardener", "01.Gardener\01.Gardener.csproj", "{F264EEB3-8C74-4C1F-872F-E93121CCA8F3}"
EndProject
Project("{FAE04EC0-301F-11D3-BF4B-00C04F79EFBC}") = "02.Playground", "02.Playground\02.Playground.csproj", "{D69639A7-6F4D-4BE9-80D1-2383DF4FEAC3}"
EndProject
Project("{FAE04EC0-301F-11D3-BF4B-00C04F79EFBC}") = "03.Programmer", "03.Programmer\03.Programmer.csproj", "{8F8908B7-F556-41D3-8C05-98C4434C3AE5}"
EndProject
Global
	GlobalSection(SolutionConfigurationPlatforms) = preSolution
		Debug|Any CPU = Debug|Any CPU
		Release|Any CPU = Release|Any CPU
	EndGlobalSection
	GlobalSection(ProjectConfigurationPlatforms) = postSolution
		{F264EEB3-8C74-4C1F-872F-E93121CCA8F3}.Debug|Any CPU.ActiveCfg = Debug|Any CPU
		{F264EEB3-8C74-4C1F-872F-E93121CCA8F3}.Debug|Any CPU.Build.0 = Debug|Any CPU
		{F264EEB3-8C74-4C1F-872F-E93121CCA8F3}.Release|Any CPU.ActiveCfg = Release|Any CPU
		{F264EEB3-8C74-4C1F-872F-E93121CCA8F3}.Release|Any CPU.Build.0 = Release|Any CPU
		{D69639A7-6F4D-4BE9-80D1-2383DF4FEAC3}.Debug|Any CPU.ActiveCfg = Debug|Any CPU
		{D69639A7-6F4D-4BE9-80D1-2383DF4FEAC3}.Debug|Any CPU.Build.0 = Debug|Any CPU
		{D69639A7-6F4D-4BE9-80D1-2383DF4FEAC3}.Release|Any CPU.ActiveCfg = Release|Any CPU
		{D69639A7-6F4D-4BE9-80D1-2383DF4FEAC3}.Release|Any CPU.Build.0 = Release|Any CPU
		{8F8908B7-F556-41D3-8C05-98C4434C3AE5}.Debug|Any CPU.ActiveCfg = Debug|Any CPU
		{8F8908B7-F556-41D3-8C05-98C4434C3AE5}.Debug|Any CPU.Build.0 = Debug|Any CPU
		{8F8908B7-F556-41D3-8C05-98C4434C3AE5}.Release|Any CPU.ActiveCfg = Release|Any CPU
		{8F8908B7-F556-41D3-8C05-98C4434C3AE5}.Release|Any CPU.Build.0 = Release|Any CPU
	EndGlobalSection
	GlobalSection(SolutionProperties) = preSolution
		HideSolutionNode = FALSE
	EndGlobalSection
	GlobalSection(ExtensibilityGlobals) = postSolution
		SolutionGuid = {60E3402D-E5B4-44B6-A408-5D5624E790B0}
	EndGlobalSection
EndGlobal
