
Microsoft Visual Studio Solution File, Format Version 12.00
# Visual Studio Version 17
VisualStudioVersion = 17.6.33815.320
MinimumVisualStudioVersion = 10.0.40219.1
Project("{FAE04EC0-301F-11D3-BF4B-00C04F79EFBC}") = "matrix4x4", "matrix4x4\matrix4x4.csproj", "{862DAFD1-B591-4074-8FD1-55BFC96AA841}"
EndProject
Project("{FAE04EC0-301F-11D3-BF4B-00C04F79EFBC}") = "matr3x5", "matr3x5\matr3x5.csproj", "{604A36A0-0CAA-46E2-8268-A1E3DD74F828}"
EndProject
Global
	GlobalSection(SolutionConfigurationPlatforms) = preSolution
		Debug|Any CPU = Debug|Any CPU
		Release|Any CPU = Release|Any CPU
	EndGlobalSection
	GlobalSection(ProjectConfigurationPlatforms) = postSolution
		{862DAFD1-B591-4074-8FD1-55BFC96AA841}.Debug|Any CPU.ActiveCfg = Debug|Any CPU
		{862DAFD1-B591-4074-8FD1-55BFC96AA841}.Debug|Any CPU.Build.0 = Debug|Any CPU
		{862DAFD1-B591-4074-8FD1-55BFC96AA841}.Release|Any CPU.ActiveCfg = Release|Any CPU
		{862DAFD1-B591-4074-8FD1-55BFC96AA841}.Release|Any CPU.Build.0 = Release|Any CPU
		{604A36A0-0CAA-46E2-8268-A1E3DD74F828}.Debug|Any CPU.ActiveCfg = Debug|Any CPU
		{604A36A0-0CAA-46E2-8268-A1E3DD74F828}.Debug|Any CPU.Build.0 = Debug|Any CPU
		{604A36A0-0CAA-46E2-8268-A1E3DD74F828}.Release|Any CPU.ActiveCfg = Release|Any CPU
		{604A36A0-0CAA-46E2-8268-A1E3DD74F828}.Release|Any CPU.Build.0 = Release|Any CPU
	EndGlobalSection
	GlobalSection(SolutionProperties) = preSolution
		HideSolutionNode = FALSE
	EndGlobalSection
	GlobalSection(ExtensibilityGlobals) = postSolution
		SolutionGuid = {F881373E-7336-41CE-AE8A-CC0EE7383F8B}
	EndGlobalSection
EndGlobal
