
Microsoft Visual Studio Solution File, Format Version 12.00
# Visual Studio Version 17
VisualStudioVersion = 17.6.33815.320
MinimumVisualStudioVersion = 10.0.40219.1
Project("{FAE04EC0-301F-11D3-BF4B-00C04F79EFBC}") = "matrix4x5", "matrix4x5\matrix4x5.csproj", "{74BF4B04-07E6-4F81-8401-82628627CC5F}"
EndProject
Global
	GlobalSection(SolutionConfigurationPlatforms) = preSolution
		Debug|Any CPU = Debug|Any CPU
		Release|Any CPU = Release|Any CPU
	EndGlobalSection
	GlobalSection(ProjectConfigurationPlatforms) = postSolution
		{74BF4B04-07E6-4F81-8401-82628627CC5F}.Debug|Any CPU.ActiveCfg = Debug|Any CPU
		{74BF4B04-07E6-4F81-8401-82628627CC5F}.Debug|Any CPU.Build.0 = Debug|Any CPU
		{74BF4B04-07E6-4F81-8401-82628627CC5F}.Release|Any CPU.ActiveCfg = Release|Any CPU
		{74BF4B04-07E6-4F81-8401-82628627CC5F}.Release|Any CPU.Build.0 = Release|Any CPU
	EndGlobalSection
	GlobalSection(SolutionProperties) = preSolution
		HideSolutionNode = FALSE
	EndGlobalSection
	GlobalSection(ExtensibilityGlobals) = postSolution
		SolutionGuid = {CB8019D5-DF80-41CC-9DF0-BACCAD4D0AD0}
	EndGlobalSection
EndGlobal
