
Microsoft Visual Studio Solution File, Format Version 12.00
# Visual Studio Version 17
VisualStudioVersion = 17.10.35013.160
MinimumVisualStudioVersion = 10.0.40219.1
Project("{FAE04EC0-301F-11D3-BF4B-00C04F79EFBC}") = "01.Example", "01.Example\01.Example.csproj", "{B3777FD9-D278-440B-B8D0-7A3F84965F5C}"
EndProject
Project("{FAE04EC0-301F-11D3-BF4B-00C04F79EFBC}") = "02.CurrentTime", "02.CurrentTime\02.CurrentTime.csproj", "{5E5E79D0-88C1-4FEB-B109-0005DAAF4D2D}"
EndProject
Project("{FAE04EC0-301F-11D3-BF4B-00C04F79EFBC}") = "03.MultiplicationTable", "03.MultiplicationTable\03.MultiplicationTable.csproj", "{D0361D9E-5CCC-438F-B041-0EE96B7EBE10}"
EndProject
Project("{FAE04EC0-301F-11D3-BF4B-00C04F79EFBC}") = "04.CarMoving", "04.CarMoving\04.CarMoving.csproj", "{0242E3DC-4D98-4F80-AB49-9056D9364580}"
EndProject
Global
	GlobalSection(SolutionConfigurationPlatforms) = preSolution
		Debug|Any CPU = Debug|Any CPU
		Release|Any CPU = Release|Any CPU
	EndGlobalSection
	GlobalSection(ProjectConfigurationPlatforms) = postSolution
		{B3777FD9-D278-440B-B8D0-7A3F84965F5C}.Debug|Any CPU.ActiveCfg = Debug|Any CPU
		{B3777FD9-D278-440B-B8D0-7A3F84965F5C}.Debug|Any CPU.Build.0 = Debug|Any CPU
		{B3777FD9-D278-440B-B8D0-7A3F84965F5C}.Release|Any CPU.ActiveCfg = Release|Any CPU
		{B3777FD9-D278-440B-B8D0-7A3F84965F5C}.Release|Any CPU.Build.0 = Release|Any CPU
		{5E5E79D0-88C1-4FEB-B109-0005DAAF4D2D}.Debug|Any CPU.ActiveCfg = Debug|Any CPU
		{5E5E79D0-88C1-4FEB-B109-0005DAAF4D2D}.Debug|Any CPU.Build.0 = Debug|Any CPU
		{5E5E79D0-88C1-4FEB-B109-0005DAAF4D2D}.Release|Any CPU.ActiveCfg = Release|Any CPU
		{5E5E79D0-88C1-4FEB-B109-0005DAAF4D2D}.Release|Any CPU.Build.0 = Release|Any CPU
		{D0361D9E-5CCC-438F-B041-0EE96B7EBE10}.Debug|Any CPU.ActiveCfg = Debug|Any CPU
		{D0361D9E-5CCC-438F-B041-0EE96B7EBE10}.Debug|Any CPU.Build.0 = Debug|Any CPU
		{D0361D9E-5CCC-438F-B041-0EE96B7EBE10}.Release|Any CPU.ActiveCfg = Release|Any CPU
		{D0361D9E-5CCC-438F-B041-0EE96B7EBE10}.Release|Any CPU.Build.0 = Release|Any CPU
		{0242E3DC-4D98-4F80-AB49-9056D9364580}.Debug|Any CPU.ActiveCfg = Debug|Any CPU
		{0242E3DC-4D98-4F80-AB49-9056D9364580}.Debug|Any CPU.Build.0 = Debug|Any CPU
		{0242E3DC-4D98-4F80-AB49-9056D9364580}.Release|Any CPU.ActiveCfg = Release|Any CPU
		{0242E3DC-4D98-4F80-AB49-9056D9364580}.Release|Any CPU.Build.0 = Release|Any CPU
	EndGlobalSection
	GlobalSection(SolutionProperties) = preSolution
		HideSolutionNode = FALSE
	EndGlobalSection
	GlobalSection(ExtensibilityGlobals) = postSolution
		SolutionGuid = {A4CB40E4-2526-4A64-95C7-436889B15581}
	EndGlobalSection
EndGlobal
