
Microsoft Visual Studio Solution File, Format Version 12.00
# Visual Studio Version 17
VisualStudioVersion = 17.10.35013.160
MinimumVisualStudioVersion = 10.0.40219.1
Project("{FAE04EC0-301F-11D3-BF4B-00C04F79EFBC}") = "01", "01\01.csproj", "{273DEFC3-8944-4852-8564-2527C3205A71}"
EndProject
Project("{FAE04EC0-301F-11D3-BF4B-00C04F79EFBC}") = "02", "02\02.csproj", "{954B66EB-8BBA-4834-91D7-B291344EEC89}"
EndProject
Global
	GlobalSection(SolutionConfigurationPlatforms) = preSolution
		Debug|Any CPU = Debug|Any CPU
		Release|Any CPU = Release|Any CPU
	EndGlobalSection
	GlobalSection(ProjectConfigurationPlatforms) = postSolution
		{273DEFC3-8944-4852-8564-2527C3205A71}.Debug|Any CPU.ActiveCfg = Debug|Any CPU
		{273DEFC3-8944-4852-8564-2527C3205A71}.Debug|Any CPU.Build.0 = Debug|Any CPU
		{273DEFC3-8944-4852-8564-2527C3205A71}.Release|Any CPU.ActiveCfg = Release|Any CPU
		{273DEFC3-8944-4852-8564-2527C3205A71}.Release|Any CPU.Build.0 = Release|Any CPU
		{954B66EB-8BBA-4834-91D7-B291344EEC89}.Debug|Any CPU.ActiveCfg = Debug|Any CPU
		{954B66EB-8BBA-4834-91D7-B291344EEC89}.Debug|Any CPU.Build.0 = Debug|Any CPU
		{954B66EB-8BBA-4834-91D7-B291344EEC89}.Release|Any CPU.ActiveCfg = Release|Any CPU
		{954B66EB-8BBA-4834-91D7-B291344EEC89}.Release|Any CPU.Build.0 = Release|Any CPU
	EndGlobalSection
	GlobalSection(SolutionProperties) = preSolution
		HideSolutionNode = FALSE
	EndGlobalSection
	GlobalSection(ExtensibilityGlobals) = postSolution
		SolutionGuid = {F93F8A76-17FE-4485-9611-21BAE4E20BA2}
	EndGlobalSection
EndGlobal
