
Microsoft Visual Studio Solution File, Format Version 12.00
# Visual Studio Version 16
VisualStudioVersion = 16.0.32407.337
MinimumVisualStudioVersion = 10.0.40219.1
Project("{FAE04EC0-301F-11D3-BF4B-00C04F79EFBC}") = "Methods 01", "Methods 01\Methods 01.csproj", "{ADB1BEA1-2192-43F3-81A2-4E1F3295C979}"
EndProject
Global
	GlobalSection(SolutionConfigurationPlatforms) = preSolution
		Debug|Any CPU = Debug|Any CPU
		Release|Any CPU = Release|Any CPU
	EndGlobalSection
	GlobalSection(ProjectConfigurationPlatforms) = postSolution
		{ADB1BEA1-2192-43F3-81A2-4E1F3295C979}.Debug|Any CPU.ActiveCfg = Debug|Any CPU
		{ADB1BEA1-2192-43F3-81A2-4E1F3295C979}.Debug|Any CPU.Build.0 = Debug|Any CPU
		{ADB1BEA1-2192-43F3-81A2-4E1F3295C979}.Release|Any CPU.ActiveCfg = Release|Any CPU
		{ADB1BEA1-2192-43F3-81A2-4E1F3295C979}.Release|Any CPU.Build.0 = Release|Any CPU
	EndGlobalSection
	GlobalSection(SolutionProperties) = preSolution
		HideSolutionNode = FALSE
	EndGlobalSection
	GlobalSection(ExtensibilityGlobals) = postSolution
		SolutionGuid = {788E325F-BB81-47D6-B5F0-B62A818AB6F2}
	EndGlobalSection
EndGlobal
