
Microsoft Visual Studio Solution File, Format Version 12.00
# Visual Studio Version 17
VisualStudioVersion = 17.10.35013.160
MinimumVisualStudioVersion = 10.0.40219.1
Project("{9A19103F-16F7-4668-BE54-9A1E7A4F7556}") = "01", "01\01.csproj", "{A4C9436F-F789-43AE-8DA2-80275A9A7F39}"
EndProject
Project("{FAE04EC0-301F-11D3-BF4B-00C04F79EFBC}") = "02", "02\02.csproj", "{0C252839-770D-4716-9E7F-A525AB5AE36C}"
EndProject
Project("{FAE04EC0-301F-11D3-BF4B-00C04F79EFBC}") = "03", "03\03.csproj", "{870E5E01-7B71-4DB7-B9D8-AC9A72E26804}"
EndProject
Project("{FAE04EC0-301F-11D3-BF4B-00C04F79EFBC}") = "04", "04\04.csproj", "{27D80B73-CFB4-49E9-9CF5-10F298A17770}"
EndProject
Project("{FAE04EC0-301F-11D3-BF4B-00C04F79EFBC}") = "05", "05\05.csproj", "{2FC0859B-73C3-46D8-9A0E-B9F4A604D613}"
EndProject
Global
	GlobalSection(SolutionConfigurationPlatforms) = preSolution
		Debug|Any CPU = Debug|Any CPU
		Release|Any CPU = Release|Any CPU
	EndGlobalSection
	GlobalSection(ProjectConfigurationPlatforms) = postSolution
		{A4C9436F-F789-43AE-8DA2-80275A9A7F39}.Debug|Any CPU.ActiveCfg = Debug|Any CPU
		{A4C9436F-F789-43AE-8DA2-80275A9A7F39}.Debug|Any CPU.Build.0 = Debug|Any CPU
		{A4C9436F-F789-43AE-8DA2-80275A9A7F39}.Release|Any CPU.ActiveCfg = Release|Any CPU
		{A4C9436F-F789-43AE-8DA2-80275A9A7F39}.Release|Any CPU.Build.0 = Release|Any CPU
		{0C252839-770D-4716-9E7F-A525AB5AE36C}.Debug|Any CPU.ActiveCfg = Debug|Any CPU
		{0C252839-770D-4716-9E7F-A525AB5AE36C}.Debug|Any CPU.Build.0 = Debug|Any CPU
		{0C252839-770D-4716-9E7F-A525AB5AE36C}.Release|Any CPU.ActiveCfg = Release|Any CPU
		{0C252839-770D-4716-9E7F-A525AB5AE36C}.Release|Any CPU.Build.0 = Release|Any CPU
		{870E5E01-7B71-4DB7-B9D8-AC9A72E26804}.Debug|Any CPU.ActiveCfg = Debug|Any CPU
		{870E5E01-7B71-4DB7-B9D8-AC9A72E26804}.Debug|Any CPU.Build.0 = Debug|Any CPU
		{870E5E01-7B71-4DB7-B9D8-AC9A72E26804}.Release|Any CPU.ActiveCfg = Release|Any CPU
		{870E5E01-7B71-4DB7-B9D8-AC9A72E26804}.Release|Any CPU.Build.0 = Release|Any CPU
		{27D80B73-CFB4-49E9-9CF5-10F298A17770}.Debug|Any CPU.ActiveCfg = Debug|Any CPU
		{27D80B73-CFB4-49E9-9CF5-10F298A17770}.Debug|Any CPU.Build.0 = Debug|Any CPU
		{27D80B73-CFB4-49E9-9CF5-10F298A17770}.Release|Any CPU.ActiveCfg = Release|Any CPU
		{27D80B73-CFB4-49E9-9CF5-10F298A17770}.Release|Any CPU.Build.0 = Release|Any CPU
		{2FC0859B-73C3-46D8-9A0E-B9F4A604D613}.Debug|Any CPU.ActiveCfg = Debug|Any CPU
		{2FC0859B-73C3-46D8-9A0E-B9F4A604D613}.Debug|Any CPU.Build.0 = Debug|Any CPU
		{2FC0859B-73C3-46D8-9A0E-B9F4A604D613}.Release|Any CPU.ActiveCfg = Release|Any CPU
		{2FC0859B-73C3-46D8-9A0E-B9F4A604D613}.Release|Any CPU.Build.0 = Release|Any CPU
	EndGlobalSection
	GlobalSection(SolutionProperties) = preSolution
		HideSolutionNode = FALSE
	EndGlobalSection
	GlobalSection(ExtensibilityGlobals) = postSolution
		SolutionGuid = {8DCF259F-3DC6-4CDE-8DA5-14A1E00B6972}
	EndGlobalSection
EndGlobal
