
Microsoft Visual Studio Solution File, Format Version 12.00
# Visual Studio Version 17
VisualStudioVersion = 17.10.35013.160
MinimumVisualStudioVersion = 10.0.40219.1
Project("{9A19103F-16F7-4668-BE54-9A1E7A4F7556}") = "01.Book", "01.Book\01.Book.csproj", "{1FB76B37-62E3-472D-85CB-398B225DD1CA}"
EndProject
Project("{9A19103F-16F7-4668-BE54-9A1E7A4F7556}") = "02.Library", "02.Library\02.Library.csproj", "{A68C39FC-1371-421F-A32D-0E45EB79764B}"
EndProject
Project("{FAE04EC0-301F-11D3-BF4B-00C04F79EFBC}") = "03.Performer", "03.Performer\03.Performer.csproj", "{4ADFEEB8-A2AC-4491-AD61-5D1C0B013A0C}"
EndProject
Project("{FAE04EC0-301F-11D3-BF4B-00C04F79EFBC}") = "04.Hospital", "04.Hospital\04.Hospital.csproj", "{23E8849C-A246-48EF-B4A6-FB3F4B194245}"
EndProject
Global
	GlobalSection(SolutionConfigurationPlatforms) = preSolution
		Debug|Any CPU = Debug|Any CPU
		Release|Any CPU = Release|Any CPU
	EndGlobalSection
	GlobalSection(ProjectConfigurationPlatforms) = postSolution
		{1FB76B37-62E3-472D-85CB-398B225DD1CA}.Debug|Any CPU.ActiveCfg = Debug|Any CPU
		{1FB76B37-62E3-472D-85CB-398B225DD1CA}.Debug|Any CPU.Build.0 = Debug|Any CPU
		{1FB76B37-62E3-472D-85CB-398B225DD1CA}.Release|Any CPU.ActiveCfg = Release|Any CPU
		{1FB76B37-62E3-472D-85CB-398B225DD1CA}.Release|Any CPU.Build.0 = Release|Any CPU
		{A68C39FC-1371-421F-A32D-0E45EB79764B}.Debug|Any CPU.ActiveCfg = Debug|Any CPU
		{A68C39FC-1371-421F-A32D-0E45EB79764B}.Debug|Any CPU.Build.0 = Debug|Any CPU
		{A68C39FC-1371-421F-A32D-0E45EB79764B}.Release|Any CPU.ActiveCfg = Release|Any CPU
		{A68C39FC-1371-421F-A32D-0E45EB79764B}.Release|Any CPU.Build.0 = Release|Any CPU
		{4ADFEEB8-A2AC-4491-AD61-5D1C0B013A0C}.Debug|Any CPU.ActiveCfg = Debug|Any CPU
		{4ADFEEB8-A2AC-4491-AD61-5D1C0B013A0C}.Debug|Any CPU.Build.0 = Debug|Any CPU
		{4ADFEEB8-A2AC-4491-AD61-5D1C0B013A0C}.Release|Any CPU.ActiveCfg = Release|Any CPU
		{4ADFEEB8-A2AC-4491-AD61-5D1C0B013A0C}.Release|Any CPU.Build.0 = Release|Any CPU
		{23E8849C-A246-48EF-B4A6-FB3F4B194245}.Debug|Any CPU.ActiveCfg = Debug|Any CPU
		{23E8849C-A246-48EF-B4A6-FB3F4B194245}.Debug|Any CPU.Build.0 = Debug|Any CPU
		{23E8849C-A246-48EF-B4A6-FB3F4B194245}.Release|Any CPU.ActiveCfg = Release|Any CPU
		{23E8849C-A246-48EF-B4A6-FB3F4B194245}.Release|Any CPU.Build.0 = Release|Any CPU
	EndGlobalSection
	GlobalSection(SolutionProperties) = preSolution
		HideSolutionNode = FALSE
	EndGlobalSection
	GlobalSection(ExtensibilityGlobals) = postSolution
		SolutionGuid = {9DB30224-B570-46C2-B64F-FA6FD39B2030}
	EndGlobalSection
EndGlobal
