
Microsoft Visual Studio Solution File, Format Version 12.00
# Visual Studio Version 16
VisualStudioVersion = 16.0.32407.337
MinimumVisualStudioVersion = 10.0.40219.1
Project("{FAE04EC0-301F-11D3-BF4B-00C04F79EFBC}") = "prqkaSelekciq", "prqkaSelekciq\prqkaSelekciq.csproj", "{3CF14B16-E5EB-443D-A2CD-5E41D7B11E5D}"
EndProject
Global
	GlobalSection(SolutionConfigurationPlatforms) = preSolution
		Debug|Any CPU = Debug|Any CPU
		Release|Any CPU = Release|Any CPU
	EndGlobalSection
	GlobalSection(ProjectConfigurationPlatforms) = postSolution
		{3CF14B16-E5EB-443D-A2CD-5E41D7B11E5D}.Debug|Any CPU.ActiveCfg = Debug|Any CPU
		{3CF14B16-E5EB-443D-A2CD-5E41D7B11E5D}.Debug|Any CPU.Build.0 = Debug|Any CPU
		{3CF14B16-E5EB-443D-A2CD-5E41D7B11E5D}.Release|Any CPU.ActiveCfg = Release|Any CPU
		{3CF14B16-E5EB-443D-A2CD-5E41D7B11E5D}.Release|Any CPU.Build.0 = Release|Any CPU
	EndGlobalSection
	GlobalSection(SolutionProperties) = preSolution
		HideSolutionNode = FALSE
	EndGlobalSection
	GlobalSection(ExtensibilityGlobals) = postSolution
		SolutionGuid = {2F58E99E-6857-499A-BA7A-C6642DCB0030}
	EndGlobalSection
EndGlobal
