
Microsoft Visual Studio Solution File, Format Version 12.00
# Visual Studio Version 17
VisualStudioVersion = 17.10.35013.160
MinimumVisualStudioVersion = 10.0.40219.1
Project("{9A19103F-16F7-4668-BE54-9A1E7A4F7556}") = "01.EliBooks", "01.EliBooks\01.EliBooks.csproj", "{F84F2466-0927-4386-B90A-B28CE710C6E1}"
EndProject
Project("{FAE04EC0-301F-11D3-BF4B-00C04F79EFBC}") = "03.RestaurantVisual", "03.RestaurantVisual\03.RestaurantVisual.csproj", "{5AFB7270-1845-4DFB-8DFD-FAD052F21547}"
EndProject
Project("{9A19103F-16F7-4668-BE54-9A1E7A4F7556}") = "02.Words", "02.Words\02.Words.csproj", "{58628B3E-7D01-409F-99BF-6BD10F6E33CE}"
EndProject
Project("{FAE04EC0-301F-11D3-BF4B-00C04F79EFBC}") = "03.Restaurant", "03.Restaurant\03.Restaurant.csproj", "{80D1D292-D8E0-43B8-BBE0-22F7BE973A7D}"
EndProject
Global
	GlobalSection(SolutionConfigurationPlatforms) = preSolution
		Debug|Any CPU = Debug|Any CPU
		Release|Any CPU = Release|Any CPU
	EndGlobalSection
	GlobalSection(ProjectConfigurationPlatforms) = postSolution
		{F84F2466-0927-4386-B90A-B28CE710C6E1}.Debug|Any CPU.ActiveCfg = Debug|Any CPU
		{F84F2466-0927-4386-B90A-B28CE710C6E1}.Debug|Any CPU.Build.0 = Debug|Any CPU
		{F84F2466-0927-4386-B90A-B28CE710C6E1}.Release|Any CPU.ActiveCfg = Release|Any CPU
		{F84F2466-0927-4386-B90A-B28CE710C6E1}.Release|Any CPU.Build.0 = Release|Any CPU
		{5AFB7270-1845-4DFB-8DFD-FAD052F21547}.Debug|Any CPU.ActiveCfg = Debug|Any CPU
		{5AFB7270-1845-4DFB-8DFD-FAD052F21547}.Debug|Any CPU.Build.0 = Debug|Any CPU
		{5AFB7270-1845-4DFB-8DFD-FAD052F21547}.Release|Any CPU.ActiveCfg = Release|Any CPU
		{5AFB7270-1845-4DFB-8DFD-FAD052F21547}.Release|Any CPU.Build.0 = Release|Any CPU
		{58628B3E-7D01-409F-99BF-6BD10F6E33CE}.Debug|Any CPU.ActiveCfg = Debug|Any CPU
		{58628B3E-7D01-409F-99BF-6BD10F6E33CE}.Debug|Any CPU.Build.0 = Debug|Any CPU
		{58628B3E-7D01-409F-99BF-6BD10F6E33CE}.Release|Any CPU.ActiveCfg = Release|Any CPU
		{58628B3E-7D01-409F-99BF-6BD10F6E33CE}.Release|Any CPU.Build.0 = Release|Any CPU
		{80D1D292-D8E0-43B8-BBE0-22F7BE973A7D}.Debug|Any CPU.ActiveCfg = Debug|Any CPU
		{80D1D292-D8E0-43B8-BBE0-22F7BE973A7D}.Debug|Any CPU.Build.0 = Debug|Any CPU
		{80D1D292-D8E0-43B8-BBE0-22F7BE973A7D}.Release|Any CPU.ActiveCfg = Release|Any CPU
		{80D1D292-D8E0-43B8-BBE0-22F7BE973A7D}.Release|Any CPU.Build.0 = Release|Any CPU
	EndGlobalSection
	GlobalSection(SolutionProperties) = preSolution
		HideSolutionNode = FALSE
	EndGlobalSection
	GlobalSection(ExtensibilityGlobals) = postSolution
		SolutionGuid = {B77AF055-B3B6-4ACD-A012-FCF42127EF28}
	EndGlobalSection
EndGlobal
